
Microsoft Visual Studio Solution File, Format Version 12.00
# Visual Studio Version 17
VisualStudioVersion = 17.5.002.0
MinimumVisualStudioVersion = 10.0.40219.1
Project("{2150E333-8FDC-42A3-9474-1A3956D46DE8}") = "Library", "Library", "{70A2CE1E-45C5-484A-B614-380F5A81F0CE}"
EndProject
Project("{2150E333-8FDC-42A3-9474-1A3956D46DE8}") = "PackageCache", "PackageCache", "{9DCD9622-4985-4CD6-BEAE-7F0D2DA16A9C}"
EndProject
Project("{9A19103F-16F7-4668-BE54-9A1E7A4F7556}") = "YetAnotherHttpHandler", "Library\PackageCache\com.cysharp.yetanotherhttphandler@bd2c526021\YetAnotherHttpHandler.csproj", "{3F3543EA-46A4-4890-B1AF-34A00465517D}"
EndProject
Global
	GlobalSection(SolutionConfigurationPlatforms) = preSolution
		Debug|Any CPU = Debug|Any CPU
		Release|Any CPU = Release|Any CPU
	EndGlobalSection
	GlobalSection(ProjectConfigurationPlatforms) = postSolution
		{3F3543EA-46A4-4890-B1AF-34A00465517D}.Debug|Any CPU.ActiveCfg = Debug|Any CPU
		{3F3543EA-46A4-4890-B1AF-34A00465517D}.Debug|Any CPU.Build.0 = Debug|Any CPU
		{3F3543EA-46A4-4890-B1AF-34A00465517D}.Release|Any CPU.ActiveCfg = Release|Any CPU
		{3F3543EA-46A4-4890-B1AF-34A00465517D}.Release|Any CPU.Build.0 = Release|Any CPU
	EndGlobalSection
	GlobalSection(SolutionProperties) = preSolution
		HideSolutionNode = FALSE
	EndGlobalSection
	GlobalSection(NestedProjects) = preSolution
		{9DCD9622-4985-4CD6-BEAE-7F0D2DA16A9C} = {70A2CE1E-45C5-484A-B614-380F5A81F0CE}
		{3F3543EA-46A4-4890-B1AF-34A00465517D} = {9DCD9622-4985-4CD6-BEAE-7F0D2DA16A9C}
	EndGlobalSection
	GlobalSection(ExtensibilityGlobals) = postSolution
		SolutionGuid = {9E789C7F-2C22-45D7-B243-B430845945DB}
	EndGlobalSection
EndGlobal
